
Microsoft Visual Studio Solution File, Format Version 12.00
# Visual Studio Version 17
VisualStudioVersion = 17.14.36930.0 d17.14
MinimumVisualStudioVersion = 10.0.40219.1
Project("{FAE04EC0-301F-11D3-BF4B-00C04F79EFBC}") = "ScreenDimmer", "ScreenDimmer.csproj", "{7D7170CB-F792-40ED-9571-EB4B0741098F}"
EndProject
Global
	GlobalSection(SolutionConfigurationPlatforms) = preSolution
		Debug|Any CPU = Debug|Any CPU
		Release|Any CPU = Release|Any CPU
	EndGlobalSection
	GlobalSection(ProjectConfigurationPlatforms) = postSolution
		{7D7170CB-F792-40ED-9571-EB4B0741098F}.Debug|Any CPU.ActiveCfg = Debug|Any CPU
		{7D7170CB-F792-40ED-9571-EB4B0741098F}.Debug|Any CPU.Build.0 = Debug|Any CPU
		{7D7170CB-F792-40ED-9571-EB4B0741098F}.Release|Any CPU.ActiveCfg = Release|Any CPU
		{7D7170CB-F792-40ED-9571-EB4B0741098F}.Release|Any CPU.Build.0 = Release|Any CPU
	EndGlobalSection
	GlobalSection(SolutionProperties) = preSolution
		HideSolutionNode = FALSE
	EndGlobalSection
	GlobalSection(ExtensibilityGlobals) = postSolution
		SolutionGuid = {5A1C92ED-0FEE-4E83-B961-DF05492F74DA}
	EndGlobalSection
EndGlobal
